// !$*UTF8*$!
{
	archiveVersion = 1;
	classes = {
	};
	objectVersion = 56;
	objects = {

/* Begin PBXBuildFile section */
		08ECA7232980F64300D4BA7A /* AppDelegate.swift in Sources */ = {isa = PBXBuildFile; fileRef = 08ECA7222980F64300D4BA7A /* AppDelegate.swift */; };
		08ECA7252980F64300D4BA7A /* SceneDelegate.swift in Sources */ = {isa = PBXBuildFile; fileRef = 08ECA7242980F64300D4BA7A /* SceneDelegate.swift */; };
		08ECA7272980F64300D4BA7A /* ViewController.swift in Sources */ = {isa = PBXBuildFile; fileRef = 08ECA7262980F64300D4BA7A /* ViewController.swift */; };
		08ECA72A2980F64300D4BA7A /* Main.storyboard in Resources */ = {isa = PBXBuildFile; fileRef = 08ECA7282980F64300D4BA7A /* Main.storyboard */; };
		08ECA72C2980F64400D4BA7A /* Assets.xcassets in Resources */ = {isa = PBXBuildFile; fileRef = 08ECA72B2980F64400D4BA7A /* Assets.xcassets */; };
		08ECA72F2980F64400D4BA7A /* LaunchScreen.storyboard in Resources */ = {isa = PBXBuildFile; fileRef = 08ECA72D2980F64400D4BA7A /* LaunchScreen.storyboard */; };
		08ECA73A2980F64400D4BA7A /* TxNotifyTests.swift in Sources */ = {isa = PBXBuildFile; fileRef = 08ECA7392980F64400D4BA7A /* TxNotifyTests.swift */; };
		08ECA7442980F64400D4BA7A /* TxNotifyUITests.swift in Sources */ = {isa = PBXBuildFile; fileRef = 08ECA7432980F64400D4BA7A /* TxNotifyUITests.swift */; };
		08ECA7462980F64400D4BA7A /* TxNotifyUITestsLaunchTests.swift in Sources */ = {isa = PBXBuildFile; fileRef = 08ECA7452980F64400D4BA7A /* TxNotifyUITestsLaunchTests.swift */; };
/* End PBXBuildFile section */

/* Begin PBXContainerItemProxy section */
		08ECA7362980F64400D4BA7A /* PBXContainerItemProxy */ = {
			isa = PBXContainerItemProxy;
			containerPortal = 08ECA7172980F64300D4BA7A /* Project object */;
			proxyType = 1;
			remoteGlobalIDString = 08ECA71E2980F64300D4BA7A;
			remoteInfo = TxNotify;
		};
		08ECA7402980F64400D4BA7A /* PBXContainerItemProxy */ = {
			isa = PBXContainerItemProxy;
			containerPortal = 08ECA7172980F64300D4BA7A /* Project object */;
			proxyType = 1;
			remoteGlobalIDString = 08ECA71E2980F64300D4BA7A;
			remoteInfo = TxNotify;
		};
/* End PBXContainerItemProxy section */

/* Begin PBXFileReference section */
		08ECA71F2980F64300D4BA7A /* TxNotify.app */ = {isa = PBXFileReference; explicitFileType = wrapper.application; includeInIndex = 0; path = TxNotify.app; sourceTree = BUILT_PRODUCTS_DIR; };
		08ECA7222980F64300D4BA7A /* AppDelegate.swift */ = {isa = PBXFileReference; lastKnownFileType = sourcecode.swift; path = AppDelegate.swift; sourceTree = "<group>"; };
		08ECA7242980F64300D4BA7A /* SceneDelegate.swift */ = {isa = PBXFileReference; lastKnownFileType = sourcecode.swift; path = SceneDelegate.swift; sourceTree = "<group>"; };
		08ECA7262980F64300D4BA7A /* ViewController.swift */ = {isa = PBXFileReference; lastKnownFileType = sourcecode.swift; path = ViewController.swift; sourceTree = "<group>"; };
		08ECA7292980F64300D4BA7A /* Base */ = {isa = PBXFileReference; lastKnownFileType = file.storyboard; name = Base; path = Base.lproj/Main.storyboard; sourceTree = "<group>"; };
		08ECA72B2980F64400D4BA7A /* Assets.xcassets */ = {isa = PBXFileReference; lastKnownFileType = folder.assetcatalog; path = Assets.xcassets; sourceTree = "<group>"; };
		08ECA72E2980F64400D4BA7A /* Base */ = {isa = PBXFileReference; lastKnownFileType = file.storyboard; name = Base; path = Base.lproj/LaunchScreen.storyboard; sourceTree = "<group>"; };
		08ECA7302980F64400D4BA7A /* Info.plist */ = {isa = PBXFileReference; lastKnownFileType = text.plist.xml; path = Info.plist; sourceTree = "<group>"; };
		08ECA7352980F64400D4BA7A /* TxNotifyTests.xctest */ = {isa = PBXFileReference; explicitFileType = wrapper.cfbundle; includeInIndex = 0; path = TxNotifyTests.xctest; sourceTree = BUILT_PRODUCTS_DIR; };
		08ECA7392980F64400D4BA7A /* TxNotifyTests.swift */ = {isa = PBXFileReference; lastKnownFileType = sourcecode.swift; path = TxNotifyTests.swift; sourceTree = "<group>"; };
		08ECA73F2980F64400D4BA7A /* TxNotifyUITests.xctest */ = {isa = PBXFileReference; explicitFileType = wrapper.cfbundle; includeInIndex = 0; path = TxNotifyUITests.xctest; sourceTree = BUILT_PRODUCTS_DIR; };
		08ECA7432980F64400D4BA7A /* TxNotifyUITests.swift */ = {isa = PBXFileReference; lastKnownFileType = sourcecode.swift; path = TxNotifyUITests.swift; sourceTree = "<group>"; };
		08ECA7452980F64400D4BA7A /* TxNotifyUITestsLaunchTests.swift */ = {isa = PBXFileReference; lastKnownFileType = sourcecode.swift; path = TxNotifyUITestsLaunchTests.swift; sourceTree = "<group>"; };
/* End PBXFileReference section */

/* Begin PBXFrameworksBuildPhase section */
		08ECA71C2980F64300D4BA7A /* Frameworks */ = {
			isa = PBXFrameworksBuildPhase;
			buildActionMask = 2147483647;
			files = (
			);
			runOnlyForDeploymentPostprocessing = 0;
		};
		08ECA7322980F64400D4BA7A /* Frameworks */ = {
			isa = PBXFrameworksBuildPhase;
			buildActionMask = 2147483647;
			files = (
			);
			runOnlyForDeploymentPostprocessing = 0;
		};
		08ECA73C2980F64400D4BA7A /* Frameworks */ = {
			isa = PBXFrameworksBuildPhase;
			buildActionMask = 2147483647;
			files = (
			);
			runOnlyForDeploymentPostprocessing = 0;
		};
/* End PBXFrameworksBuildPhase section */

/* Begin PBXGroup section */
		08ECA7162980F64300D4BA7A = {
			isa = PBXGroup;
			children = (
				08ECA7212980F64300D4BA7A /* TxNotify */,
				08ECA7382980F64400D4BA7A /* TxNotifyTests */,
				08ECA7422980F64400D4BA7A /* TxNotifyUITests */,
				08ECA7202980F64300D4BA7A /* Products */,
			);
			sourceTree = "<group>";
		};
		08ECA7202980F64300D4BA7A /* Products */ = {
			isa = PBXGroup;
			children = (
				08ECA71F2980F64300D4BA7A /* TxNotify.app */,
				08ECA7352980F64400D4BA7A /* TxNotifyTests.xctest */,
				08ECA73F2980F64400D4BA7A /* TxNotifyUITests.xctest */,
			);
			name = Products;
			sourceTree = "<group>";
		};
		08ECA7212980F64300D4BA7A /* TxNotify */ = {
			isa = PBXGroup;
			children = (
				08ECA7222980F64300D4BA7A /* AppDelegate.swift */,
				08ECA7242980F64300D4BA7A /* SceneDelegate.swift */,
				08ECA7262980F64300D4BA7A /* ViewController.swift */,
				08ECA7282980F64300D4BA7A /* Main.storyboard */,
				08ECA72B2980F64400D4BA7A /* Assets.xcassets */,
				08ECA72D2980F64400D4BA7A /* LaunchScreen.storyboard */,
				08ECA7302980F64400D4BA7A /* Info.plist */,
			);
			path = TxNotify;
			sourceTree = "<group>";
		};
		08ECA7382980F64400D4BA7A /* TxNotifyTests */ = {
			isa = PBXGroup;
			children = (
				08ECA7392980F64400D4BA7A /* TxNotifyTests.swift */,
			);
			path = TxNotifyTests;
			sourceTree = "<group>";
		};
		08ECA7422980F64400D4BA7A /* TxNotifyUITests */ = {
			isa = PBXGroup;
			children = (
				08ECA7432980F64400D4BA7A /* TxNotifyUITests.swift */,
				08ECA7452980F64400D4BA7A /* TxNotifyUITestsLaunchTests.swift */,
			);
			path = TxNotifyUITests;
			sourceTree = "<group>";
		};
/* End PBXGroup section */

/* Begin PBXNativeTarget section */
		08ECA71E2980F64300D4BA7A /* TxNotify */ = {
			isa = PBXNativeTarget;
			buildConfigurationList = 08ECA7492980F64400D4BA7A /* Build configuration list for PBXNativeTarget "TxNotify" */;
			buildPhases = (
				08ECA71B2980F64300D4BA7A /* Sources */,
				08ECA71C2980F64300D4BA7A /* Frameworks */,
				08ECA71D2980F64300D4BA7A /* Resources */,
			);
			buildRules = (
			);
			dependencies = (
			);
			name = TxNotify;
			productName = TxNotify;
			productReference = 08ECA71F2980F64300D4BA7A /* TxNotify.app */;
			productType = "com.apple.product-type.application";
		};
		08ECA7342980F64400D4BA7A /* TxNotifyTests */ = {
			isa = PBXNativeTarget;
			buildConfigurationList = 08ECA74C2980F64400D4BA7A /* Build configuration list for PBXNativeTarget "TxNotifyTests" */;
			buildPhases = (
				08ECA7312980F64400D4BA7A /* Sources */,
				08ECA7322980F64400D4BA7A /* Frameworks */,
				08ECA7332980F64400D4BA7A /* Resources */,
			);
			buildRules = (
			);
			dependencies = (
				08ECA7372980F64400D4BA7A /* PBXTargetDependency */,
			);
			name = TxNotifyTests;
			productName = TxNotifyTests;
			productReference = 08ECA7352980F64400D4BA7A /* TxNotifyTests.xctest */;
			productType = "com.apple.product-type.bundle.unit-test";
		};
		08ECA73E2980F64400D4BA7A /* TxNotifyUITests */ = {
			isa = PBXNativeTarget;
			buildConfigurationList = 08ECA74F2980F64400D4BA7A /* Build configuration list for PBXNativeTarget "TxNotifyUITests" */;
			buildPhases = (
				08ECA73B2980F64400D4BA7A /* Sources */,
				08ECA73C2980F64400D4BA7A /* Frameworks */,
				08ECA73D2980F64400D4BA7A /* Resources */,
			);
			buildRules = (
			);
			dependencies = (
				08ECA7412980F64400D4BA7A /* PBXTargetDependency */,
			);
			name = TxNotifyUITests;
			productName = TxNotifyUITests;
			productReference = 08ECA73F2980F64400D4BA7A /* TxNotifyUITests.xctest */;
			productType = "com.apple.product-type.bundle.ui-testing";
		};
/* End PBXNativeTarget section */

/* Begin PBXProject section */
		08ECA7172980F64300D4BA7A /* Project object */ = {
			isa = PBXProject;
			attributes = {
				BuildIndependentTargetsInParallel = 1;
				LastSwiftUpdateCheck = 1420;
				LastUpgradeCheck = 1420;
				TargetAttributes = {
					08ECA71E2980F64300D4BA7A = {
						CreatedOnToolsVersion = 14.2;
					};
					08ECA7342980F64400D4BA7A = {
						CreatedOnToolsVersion = 14.2;
						TestTargetID = 08ECA71E2980F64300D4BA7A;
					};
					08ECA73E2980F64400D4BA7A = {
						CreatedOnToolsVersion = 14.2;
						TestTargetID = 08ECA71E2980F64300D4BA7A;
					};
				};
			};
			buildConfigurationList = 08ECA71A2980F64300D4BA7A /* Build configuration list for PBXProject "TxNotify" */;
			compatibilityVersion = "Xcode 14.0";
			developmentRegion = en;
			hasScannedForEncodings = 0;
			knownRegions = (
				en,
				Base,
			);
			mainGroup = 08ECA7162980F64300D4BA7A;
			productRefGroup = 08ECA7202980F64300D4BA7A /* Products */;
			projectDirPath = "";
			projectRoot = "";
			targets = (
				08ECA71E2980F64300D4BA7A /* TxNotify */,
				08ECA7342980F64400D4BA7A /* TxNotifyTests */,
				08ECA73E2980F64400D4BA7A /* TxNotifyUITests */,
			);
		};
/* End PBXProject section */

/* Begin PBXResourcesBuildPhase section */
		08ECA71D2980F64300D4BA7A /* Resources */ = {
			isa = PBXResourcesBuildPhase;
			buildActionMask = 2147483647;
			files = (
				08ECA72F2980F64400D4BA7A /* LaunchScreen.storyboard in Resources */,
				08ECA72C2980F64400D4BA7A /* Assets.xcassets in Resources */,
				08ECA72A2980F64300D4BA7A /* Main.storyboard in Resources */,
			);
			runOnlyForDeploymentPostprocessing = 0;
		};
		08ECA7332980F64400D4BA7A /* Resources */ = {
			isa = PBXResourcesBuildPhase;
			buildActionMask = 2147483647;
			files = (
			);
			runOnlyForDeploymentPostprocessing = 0;
		};
		08ECA73D2980F64400D4BA7A /* Resources */ = {
			isa = PBXResourcesBuildPhase;
			buildActionMask = 2147483647;
			files = (
			);
			runOnlyForDeploymentPostprocessing = 0;
		};
/* End PBXResourcesBuildPhase section */

/* Begin PBXSourcesBuildPhase section */
		08ECA71B2980F64300D4BA7A /* Sources */ = {
			isa = PBXSourcesBuildPhase;
			buildActionMask = 2147483647;
			files = (
				08ECA7272980F64300D4BA7A /* ViewController.swift in Sources */,
				08ECA7232980F64300D4BA7A /* AppDelegate.swift in Sources */,
				08ECA7252980F64300D4BA7A /* SceneDelegate.swift in Sources */,
			);
			runOnlyForDeploymentPostprocessing = 0;
		};
		08ECA7312980F64400D4BA7A /* Sources */ = {
			isa = PBXSourcesBuildPhase;
			buildActionMask = 2147483647;
			files = (
				08ECA73A2980F64400D4BA7A /* TxNotifyTests.swift in Sources */,
			);
			runOnlyForDeploymentPostprocessing = 0;
		};
		08ECA73B2980F64400D4BA7A /* Sources */ = {
			isa = PBXSourcesBuildPhase;
			buildActionMask = 2147483647;
			files = (
				08ECA7462980F64400D4BA7A /* TxNotifyUITestsLaunchTests.swift in Sources */,
				08ECA7442980F64400D4BA7A /* TxNotifyUITests.swift in Sources */,
			);
			runOnlyForDeploymentPostprocessing = 0;
		};
/* End PBXSourcesBuildPhase section */

/* Begin PBXTargetDependency section */
		08ECA7372980F64400D4BA7A /* PBXTargetDependency */ = {
			isa = PBXTargetDependency;
			target = 08ECA71E2980F64300D4BA7A /* TxNotify */;
			targetProxy = 08ECA7362980F64400D4BA7A /* PBXContainerItemProxy */;
		};
		08ECA7412980F64400D4BA7A /* PBXTargetDependency */ = {
			isa = PBXTargetDependency;
			target = 08ECA71E2980F64300D4BA7A /* TxNotify */;
			targetProxy = 08ECA7402980F64400D4BA7A /* PBXContainerItemProxy */;
		};
/* End PBXTargetDependency section */

/* Begin PBXVariantGroup section */
		08ECA7282980F64300D4BA7A /* Main.storyboard */ = {
			isa = PBXVariantGroup;
			children = (
				08ECA7292980F64300D4BA7A /* Base */,
			);
			name = Main.storyboard;
			sourceTree = "<group>";
		};
		08ECA72D2980F64400D4BA7A /* LaunchScreen.storyboard */ = {
			isa = PBXVariantGroup;
			children = (
				08ECA72E2980F64400D4BA7A /* Base */,
			);
			name = LaunchScreen.storyboard;
			sourceTree = "<group>";
		};
/* End PBXVariantGroup section */

/* Begin XCBuildConfiguration section */
		08ECA7472980F64400D4BA7A /* Debug */ = {
			isa = XCBuildConfiguration;
			buildSettings = {
				ALWAYS_SEARCH_USER_PATHS = NO;
				CLANG_ANALYZER_NONNULL = YES;
				CLANG_ANALYZER_NUMBER_OBJECT_CONVERSION = YES_AGGRESSIVE;
				CLANG_CXX_LANGUAGE_STANDARD = "gnu++20";
				CLANG_ENABLE_MODULES = YES;
				CLANG_ENABLE_OBJC_ARC = YES;
				CLANG_ENABLE_OBJC_WEAK = YES;
				CLANG_WARN_BLOCK_CAPTURE_AUTORELEASING = YES;
				CLANG_WARN_BOOL_CONVERSION = YES;
				CLANG_WARN_COMMA = YES;
				CLANG_WARN_CONSTANT_CONVERSION = YES;
				CLANG_WARN_DEPRECATED_OBJC_IMPLEMENTATIONS = YES;
				CLANG_WARN_DIRECT_OBJC_ISA_USAGE = YES_ERROR;
				CLANG_WARN_DOCUMENTATION_COMMENTS = YES;
				CLANG_WARN_EMPTY_BODY = YES;
				CLANG_WARN_ENUM_CONVERSION = YES;
				CLANG_WARN_INFINITE_RECURSION = YES;
				CLANG_WARN_INT_CONVERSION = YES;
				CLANG_WARN_NON_LITERAL_NULL_CONVERSION = YES;
				CLANG_WARN_OBJC_IMPLICIT_RETAIN_SELF = YES;
				CLANG_WARN_OBJC_LITERAL_CONVERSION = YES;
				CLANG_WARN_OBJC_ROOT_CLASS = YES_ERROR;
				CLANG_WARN_QUOTED_INCLUDE_IN_FRAMEWORK_HEADER = YES;
				CLANG_WARN_RANGE_LOOP_ANALYSIS = YES;
				CLANG_WARN_STRICT_PROTOTYPES = YES;
				CLANG_WARN_SUSPICIOUS_MOVE = YES;
				CLANG_WARN_UNGUARDED_AVAILABILITY = YES_AGGRESSIVE;
				CLANG_WARN_UNREACHABLE_CODE = YES;
				CLANG_WARN__DUPLICATE_METHOD_MATCH = YES;
				COPY_PHASE_STRIP = NO;
				DEBUG_INFORMATION_FORMAT = dwarf;
				ENABLE_STRICT_OBJC_MSGSEND = YES;
				ENABLE_TESTABILITY = YES;
				GCC_C_LANGUAGE_STANDARD = gnu11;
				GCC_DYNAMIC_NO_PIC = NO;
				GCC_NO_COMMON_BLOCKS = YES;
				GCC_OPTIMIZATION_LEVEL = 0;
				GCC_PREPROCESSOR_DEFINITIONS = (
					"DEBUG=1",
					"$(inherited)",
				);
				GCC_WARN_64_TO_32_BIT_CONVERSION = YES;
				GCC_WARN_ABOUT_RETURN_TYPE = YES_ERROR;
				GCC_WARN_UNDECLARED_SELECTOR = YES;
				GCC_WARN_UNINITIALIZED_AUTOS = YES_AGGRESSIVE;
				GCC_WARN_UNUSED_FUNCTION = YES;
				GCC_WARN_UNUSED_VARIABLE = YES;
				IPHONEOS_DEPLOYMENT_TARGET = 16.2;
				MTL_ENABLE_DEBUG_INFO = INCLUDE_SOURCE;
				MTL_FAST_MATH = YES;
				ONLY_ACTIVE_ARCH = YES;
				SDKROOT = iphoneos;
				SWIFT_ACTIVE_COMPILATION_CONDITIONS = DEBUG;
				SWIFT_OPTIMIZATION_LEVEL = "-Onone";
			};
			name = Debug;
		};
		08ECA7482980F64400D4BA7A /* Release */ = {
			isa = XCBuildConfiguration;
			buildSettings = {
				ALWAYS_SEARCH_USER_PATHS = NO;
				CLANG_ANALYZER_NONNULL = YES;
				CLANG_ANALYZER_NUMBER_OBJECT_CONVERSION = YES_AGGRESSIVE;
				CLANG_CXX_LANGUAGE_STANDARD = "gnu++20";
				CLANG_ENABLE_MODULES = YES;
				CLANG_ENABLE_OBJC_ARC = YES;
				CLANG_ENABLE_OBJC_WEAK = YES;
				CLANG_WARN_BLOCK_CAPTURE_AUTORELEASING = YES;
				CLANG_WARN_BOOL_CONVERSION = YES;
				CLANG_WARN_COMMA = YES;
				CLANG_WARN_CONSTANT_CONVERSION = YES;
				CLANG_WARN_DEPRECATED_OBJC_IMPLEMENTATIONS = YES;
				CLANG_WARN_DIRECT_OBJC_ISA_USAGE = YES_ERROR;
				CLANG_WARN_DOCUMENTATION_COMMENTS = YES;
				CLANG_WARN_EMPTY_BODY = YES;
				CLANG_WARN_ENUM_CONVERSION = YES;
				CLANG_WARN_INFINITE_RECURSION = YES;
				CLANG_WARN_INT_CONVERSION = YES;
				CLANG_WARN_NON_LITERAL_NULL_CONVERSION = YES;
				CLANG_WARN_OBJC_IMPLICIT_RETAIN_SELF = YES;
				CLANG_WARN_OBJC_LITERAL_CONVERSION = YES;
				CLANG_WARN_OBJC_ROOT_CLASS = YES_ERROR;
				CLANG_WARN_QUOTED_INCLUDE_IN_FRAMEWORK_HEADER = YES;
				CLANG_WARN_RANGE_LOOP_ANALYSIS = YES;
				CLANG_WARN_STRICT_PROTOTYPES = YES;
				CLANG_WARN_SUSPICIOUS_MOVE = YES;
				CLANG_WARN_UNGUARDED_AVAILABILITY = YES_AGGRESSIVE;
				CLANG_WARN_UNREACHABLE_CODE = YES;
				CLANG_WARN__DUPLICATE_METHOD_MATCH = YES;
				COPY_PHASE_STRIP = NO;
				DEBUG_INFORMATION_FORMAT = "dwarf-with-dsym";
				ENABLE_NS_ASSERTIONS = NO;
				ENABLE_STRICT_OBJC_MSGSEND = YES;
				GCC_C_LANGUAGE_STANDARD = gnu11;
				GCC_NO_COMMON_BLOCKS = YES;
				GCC_WARN_64_TO_32_BIT_CONVERSION = YES;
				GCC_WARN_ABOUT_RETURN_TYPE = YES_ERROR;
				GCC_WARN_UNDECLARED_SELECTOR = YES;
				GCC_WARN_UNINITIALIZED_AUTOS = YES_AGGRESSIVE;
				GCC_WARN_UNUSED_FUNCTION = YES;
				GCC_WARN_UNUSED_VARIABLE = YES;
				IPHONEOS_DEPLOYMENT_TARGET = 16.2;
				MTL_ENABLE_DEBUG_INFO = NO;
				MTL_FAST_MATH = YES;
				SDKROOT = iphoneos;
				SWIFT_COMPILATION_MODE = wholemodule;
				SWIFT_OPTIMIZATION_LEVEL = "-O";
				VALIDATE_PRODUCT = YES;
			};
			name = Release;
		};
		08ECA74A2980F64400D4BA7A /* Debug */ = {
			isa = XCBuildConfiguration;
			buildSettings = {
				ASSETCATALOG_COMPILER_APPICON_NAME = AppIcon;
				ASSETCATALOG_COMPILER_GLOBAL_ACCENT_COLOR_NAME = AccentColor;
				CODE_SIGN_STYLE = Automatic;
				CURRENT_PROJECT_VERSION = 1;
				DEVELOPMENT_TEAM = 9SAQ42S589;
				GENERATE_INFOPLIST_FILE = YES;
				INFOPLIST_FILE = TxNotify/Info.plist;
				INFOPLIST_KEY_UIApplicationSupportsIndirectInputEvents = YES;
				INFOPLIST_KEY_UILaunchStoryboardName = LaunchScreen;
				INFOPLIST_KEY_UIMainStoryboardFile = Main;
				INFOPLIST_KEY_UISupportedInterfaceOrientations_iPad = "UIInterfaceOrientationPortrait UIInterfaceOrientationPortraitUpsideDown UIInterfaceOrientationLandscapeLeft UIInterfaceOrientationLandscapeRight";
				INFOPLIST_KEY_UISupportedInterfaceOrientations_iPhone = "UIInterfaceOrientationPortrait UIInterfaceOrientationLandscapeLeft UIInterfaceOrientationLandscapeRight";
				LD_RUNPATH_SEARCH_PATHS = (
					"$(inherited)",
					"@executable_path/Frameworks",
				);
				MARKETING_VERSION = 1.0;
				PRODUCT_BUNDLE_IDENTIFIER = com.vivianphung.TxNotify;
				PRODUCT_NAME = "$(TARGET_NAME)";
				SWIFT_EMIT_LOC_STRINGS = YES;
				SWIFT_VERSION = 5.0;
				TARGETED_DEVICE_FAMILY = "1,2";
			};
			name = Debug;
		};
		08ECA74B2980F64400D4BA7A /* Release */ = {
			isa = XCBuildConfiguration;
			buildSettings = {
				ASSETCATALOG_COMPILER_APPICON_NAME = AppIcon;
				ASSETCATALOG_COMPILER_GLOBAL_ACCENT_COLOR_NAME = AccentColor;
				CODE_SIGN_STYLE = Automatic;
				CURRENT_PROJECT_VERSION = 1;
				DEVELOPMENT_TEAM = 9SAQ42S589;
				GENERATE_INFOPLIST_FILE = YES;
				INFOPLIST_FILE = TxNotify/Info.plist;
				INFOPLIST_KEY_UIApplicationSupportsIndirectInputEvents = YES;
				INFOPLIST_KEY_UILaunchStoryboardName = LaunchScreen;
				INFOPLIST_KEY_UIMainStoryboardFile = Main;
				INFOPLIST_KEY_UISupportedInterfaceOrientations_iPad = "UIInterfaceOrientationPortrait UIInterfaceOrientationPortraitUpsideDown UIInterfaceOrientationLandscapeLeft UIInterfaceOrientationLandscapeRight";
				INFOPLIST_KEY_UISupportedInterfaceOrientations_iPhone = "UIInterfaceOrientationPortrait UIInterfaceOrientationLandscapeLeft UIInterfaceOrientationLandscapeRight";
				LD_RUNPATH_SEARCH_PATHS = (
					"$(inherited)",
					"@executable_path/Frameworks",
				);
				MARKETING_VERSION = 1.0;
				PRODUCT_BUNDLE_IDENTIFIER = com.vivianphung.TxNotify;
				PRODUCT_NAME = "$(TARGET_NAME)";
				SWIFT_EMIT_LOC_STRINGS = YES;
				SWIFT_VERSION = 5.0;
				TARGETED_DEVICE_FAMILY = "1,2";
			};
			name = Release;
		};
		08ECA74D2980F64400D4BA7A /* Debug */ = {
			isa = XCBuildConfiguration;
			buildSettings = {
				ALWAYS_EMBED_SWIFT_STANDARD_LIBRARIES = YES;
				BUNDLE_LOADER = "$(TEST_HOST)";
				CODE_SIGN_STYLE = Automatic;
				CURRENT_PROJECT_VERSION = 1;
				DEVELOPMENT_TEAM = 9SAQ42S589;
				GENERATE_INFOPLIST_FILE = YES;
				IPHONEOS_DEPLOYMENT_TARGET = 16.2;
				MARKETING_VERSION = 1.0;
				PRODUCT_BUNDLE_IDENTIFIER = com.vivianphung.TxNotifyTests;
				PRODUCT_NAME = "$(TARGET_NAME)";
				SWIFT_EMIT_LOC_STRINGS = NO;
				SWIFT_VERSION = 5.0;
				TARGETED_DEVICE_FAMILY = "1,2";
				TEST_HOST = "$(BUILT_PRODUCTS_DIR)/TxNotify.app/$(BUNDLE_EXECUTABLE_FOLDER_PATH)/TxNotify";
			};
			name = Debug;
		};
		08ECA74E2980F64400D4BA7A /* Release */ = {
			isa = XCBuildConfiguration;
			buildSettings = {
				ALWAYS_EMBED_SWIFT_STANDARD_LIBRARIES = YES;
				BUNDLE_LOADER = "$(TEST_HOST)";
				CODE_SIGN_STYLE = Automatic;
				CURRENT_PROJECT_VERSION = 1;
				DEVELOPMENT_TEAM = 9SAQ42S589;
				GENERATE_INFOPLIST_FILE = YES;
				IPHONEOS_DEPLOYMENT_TARGET = 16.2;
				MARKETING_VERSION = 1.0;
				PRODUCT_BUNDLE_IDENTIFIER = com.vivianphung.TxNotifyTests;
				PRODUCT_NAME = "$(TARGET_NAME)";
				SWIFT_EMIT_LOC_STRINGS = NO;
				SWIFT_VERSION = 5.0;
				TARGETED_DEVICE_FAMILY = "1,2";
				TEST_HOST = "$(BUILT_PRODUCTS_DIR)/TxNotify.app/$(BUNDLE_EXECUTABLE_FOLDER_PATH)/TxNotify";
			};
			name = Release;
		};
		08ECA7502980F64400D4BA7A /* Debug */ = {
			isa = XCBuildConfiguration;
			buildSettings = {
				ALWAYS_EMBED_SWIFT_STANDARD_LIBRARIES = YES;
				CODE_SIGN_STYLE = Automatic;
				CURRENT_PROJECT_VERSION = 1;
				DEVELOPMENT_TEAM = 9SAQ42S589;
				GENERATE_INFOPLIST_FILE = YES;
				MARKETING_VERSION = 1.0;
				PRODUCT_BUNDLE_IDENTIFIER = com.vivianphung.TxNotifyUITests;
				PRODUCT_NAME = "$(TARGET_NAME)";
				SWIFT_EMIT_LOC_STRINGS = NO;
				SWIFT_VERSION = 5.0;
				TARGETED_DEVICE_FAMILY = "1,2";
				TEST_TARGET_NAME = TxNotify;
			};
			name = Debug;
		};
		08ECA7512980F64400D4BA7A /* Release */ = {
			isa = XCBuildConfiguration;
			buildSettings = {
				ALWAYS_EMBED_SWIFT_STANDARD_LIBRARIES = YES;
				CODE_SIGN_STYLE = Automatic;
				CURRENT_PROJECT_VERSION = 1;
				DEVELOPMENT_TEAM = 9SAQ42S589;
				GENERATE_INFOPLIST_FILE = YES;
				MARKETING_VERSION = 1.0;
				PRODUCT_BUNDLE_IDENTIFIER = com.vivianphung.TxNotifyUITests;
				PRODUCT_NAME = "$(TARGET_NAME)";
				SWIFT_EMIT_LOC_STRINGS = NO;
				SWIFT_VERSION = 5.0;
				TARGETED_DEVICE_FAMILY = "1,2";
				TEST_TARGET_NAME = TxNotify;
			};
			name = Release;
		};
/* End XCBuildConfiguration section */

/* Begin XCConfigurationList section */
		08ECA71A2980F64300D4BA7A /* Build configuration list for PBXProject "TxNotify" */ = {
			isa = XCConfigurationList;
			buildConfigurations = (
				08ECA7472980F64400D4BA7A /* Debug */,
				08ECA7482980F64400D4BA7A /* Release */,
			);
			defaultConfigurationIsVisible = 0;
			defaultConfigurationName = Release;
		};
		08ECA7492980F64400D4BA7A /* Build configuration list for PBXNativeTarget "TxNotify" */ = {
			isa = XCConfigurationList;
			buildConfigurations = (
				08ECA74A2980F64400D4BA7A /* Debug */,
				08ECA74B2980F64400D4BA7A /* Release */,
			);
			defaultConfigurationIsVisible = 0;
			defaultConfigurationName = Release;
		};
		08ECA74C2980F64400D4BA7A /* Build configuration list for PBXNativeTarget "TxNotifyTests" */ = {
			isa = XCConfigurationList;
			buildConfigurations = (
				08ECA74D2980F64400D4BA7A /* Debug */,
				08ECA74E2980F64400D4BA7A /* Release */,
			);
			defaultConfigurationIsVisible = 0;
			defaultConfigurationName = Release;
		};
		08ECA74F2980F64400D4BA7A /* Build configuration list for PBXNativeTarget "TxNotifyUITests" */ = {
			isa = XCConfigurationList;
			buildConfigurations = (
				08ECA7502980F64400D4BA7A /* Debug */,
				08ECA7512980F64400D4BA7A /* Release */,
			);
			defaultConfigurationIsVisible = 0;
			defaultConfigurationName = Release;
		};
/* End XCConfigurationList section */
	};
	rootObject = 08ECA7172980F64300D4BA7A /* Project object */;
}
